
Microsoft Visual Studio Solution File, Format Version 12.00
# Visual Studio 15
VisualStudioVersion = 15.0.26730.12
MinimumVisualStudioVersion = 10.0.40219.1
Project("{FAE04EC0-301F-11D3-BF4B-00C04F79EFBC}") = "demo241017", "demo241017\demo241017.csproj", "{EBFC1FB4-0143-4F17-B17B-1510EE11A23C}"
EndProject
Global
	GlobalSection(SolutionConfigurationPlatforms) = preSolution
		Debug|Any CPU = Debug|Any CPU
		Release|Any CPU = Release|Any CPU
	EndGlobalSection
	GlobalSection(ProjectConfigurationPlatforms) = postSolution
		{EBFC1FB4-0143-4F17-B17B-1510EE11A23C}.Debug|Any CPU.ActiveCfg = Debug|Any CPU
		{EBFC1FB4-0143-4F17-B17B-1510EE11A23C}.Debug|Any CPU.Build.0 = Debug|Any CPU
		{EBFC1FB4-0143-4F17-B17B-1510EE11A23C}.Release|Any CPU.ActiveCfg = Release|Any CPU
		{EBFC1FB4-0143-4F17-B17B-1510EE11A23C}.Release|Any CPU.Build.0 = Release|Any CPU
	EndGlobalSection
	GlobalSection(SolutionProperties) = preSolution
		HideSolutionNode = FALSE
	EndGlobalSection
	GlobalSection(ExtensibilityGlobals) = postSolution
		SolutionGuid = {37ED134F-F963-4FEC-A693-7D1C0C92FEB1}
	EndGlobalSection
EndGlobal
