
Microsoft Visual Studio Solution File, Format Version 12.00
# Visual Studio 15
VisualStudioVersion = 15.0.26730.12
MinimumVisualStudioVersion = 10.0.40219.1
Project("{FAE04EC0-301F-11D3-BF4B-00C04F79EFBC}") = "U021017", "U021017\U021017.csproj", "{9E87D1AC-D616-4E4B-ABE7-99279936ABB6}"
EndProject
Global
	GlobalSection(SolutionConfigurationPlatforms) = preSolution
		Debug|Any CPU = Debug|Any CPU
		Release|Any CPU = Release|Any CPU
	EndGlobalSection
	GlobalSection(ProjectConfigurationPlatforms) = postSolution
		{9E87D1AC-D616-4E4B-ABE7-99279936ABB6}.Debug|Any CPU.ActiveCfg = Debug|Any CPU
		{9E87D1AC-D616-4E4B-ABE7-99279936ABB6}.Debug|Any CPU.Build.0 = Debug|Any CPU
		{9E87D1AC-D616-4E4B-ABE7-99279936ABB6}.Release|Any CPU.ActiveCfg = Release|Any CPU
		{9E87D1AC-D616-4E4B-ABE7-99279936ABB6}.Release|Any CPU.Build.0 = Release|Any CPU
	EndGlobalSection
	GlobalSection(SolutionProperties) = preSolution
		HideSolutionNode = FALSE
	EndGlobalSection
	GlobalSection(ExtensibilityGlobals) = postSolution
		SolutionGuid = {D426BDE9-E066-4F16-9455-39C78B5FADBE}
	EndGlobalSection
EndGlobal
