
Microsoft Visual Studio Solution File, Format Version 12.00
# Visual Studio 15
VisualStudioVersion = 15.0.26730.12
MinimumVisualStudioVersion = 10.0.40219.1
Project("{FAE04EC0-301F-11D3-BF4B-00C04F79EFBC}") = "U241017A.mvc", "U241017A\U241017A.mvc.csproj", "{C88A21FC-CC89-499D-A5ED-C671644E85BC}"
EndProject
Project("{FAE04EC0-301F-11D3-BF4B-00C04F79EFBC}") = "U241017A.DATA", "U241017A.DATA\U241017A.DATA.csproj", "{E4D9BBD5-5765-482F-840D-0E8AA016291B}"
EndProject
Global
	GlobalSection(SolutionConfigurationPlatforms) = preSolution
		Debug|Any CPU = Debug|Any CPU
		Release|Any CPU = Release|Any CPU
	EndGlobalSection
	GlobalSection(ProjectConfigurationPlatforms) = postSolution
		{C88A21FC-CC89-499D-A5ED-C671644E85BC}.Debug|Any CPU.ActiveCfg = Debug|Any CPU
		{C88A21FC-CC89-499D-A5ED-C671644E85BC}.Debug|Any CPU.Build.0 = Debug|Any CPU
		{C88A21FC-CC89-499D-A5ED-C671644E85BC}.Release|Any CPU.ActiveCfg = Release|Any CPU
		{C88A21FC-CC89-499D-A5ED-C671644E85BC}.Release|Any CPU.Build.0 = Release|Any CPU
		{E4D9BBD5-5765-482F-840D-0E8AA016291B}.Debug|Any CPU.ActiveCfg = Debug|Any CPU
		{E4D9BBD5-5765-482F-840D-0E8AA016291B}.Debug|Any CPU.Build.0 = Debug|Any CPU
		{E4D9BBD5-5765-482F-840D-0E8AA016291B}.Release|Any CPU.ActiveCfg = Release|Any CPU
		{E4D9BBD5-5765-482F-840D-0E8AA016291B}.Release|Any CPU.Build.0 = Release|Any CPU
	EndGlobalSection
	GlobalSection(SolutionProperties) = preSolution
		HideSolutionNode = FALSE
	EndGlobalSection
	GlobalSection(ExtensibilityGlobals) = postSolution
		SolutionGuid = {3B4A6E79-88D3-46D3-815F-B7F80220854E}
	EndGlobalSection
EndGlobal
