
Microsoft Visual Studio Solution File, Format Version 12.00
# Visual Studio 15
VisualStudioVersion = 15.0.26730.12
MinimumVisualStudioVersion = 10.0.40219.1
Project("{FAE04EC0-301F-11D3-BF4B-00C04F79EFBC}") = "Demo101117", "Demo101117\Demo101117.csproj", "{2385F28A-DE6D-4F6E-B359-59CDFCAD447C}"
EndProject
Global
	GlobalSection(SolutionConfigurationPlatforms) = preSolution
		Debug|Any CPU = Debug|Any CPU
		Release|Any CPU = Release|Any CPU
	EndGlobalSection
	GlobalSection(ProjectConfigurationPlatforms) = postSolution
		{2385F28A-DE6D-4F6E-B359-59CDFCAD447C}.Debug|Any CPU.ActiveCfg = Debug|Any CPU
		{2385F28A-DE6D-4F6E-B359-59CDFCAD447C}.Debug|Any CPU.Build.0 = Debug|Any CPU
		{2385F28A-DE6D-4F6E-B359-59CDFCAD447C}.Release|Any CPU.ActiveCfg = Release|Any CPU
		{2385F28A-DE6D-4F6E-B359-59CDFCAD447C}.Release|Any CPU.Build.0 = Release|Any CPU
	EndGlobalSection
	GlobalSection(SolutionProperties) = preSolution
		HideSolutionNode = FALSE
	EndGlobalSection
	GlobalSection(ExtensibilityGlobals) = postSolution
		SolutionGuid = {76B21816-6285-4A56-897B-A4385E9D7C41}
	EndGlobalSection
EndGlobal
