
Microsoft Visual Studio Solution File, Format Version 12.00
# Visual Studio 15
VisualStudioVersion = 15.0.26730.12
MinimumVisualStudioVersion = 10.0.40219.1
Project("{FAE04EC0-301F-11D3-BF4B-00C04F79EFBC}") = "demo1", "demo1\demo1.csproj", "{AAE0DB0B-04E6-4B80-9DB3-A525C716B548}"
EndProject
Global
	GlobalSection(SolutionConfigurationPlatforms) = preSolution
		Debug|Any CPU = Debug|Any CPU
		Release|Any CPU = Release|Any CPU
	EndGlobalSection
	GlobalSection(ProjectConfigurationPlatforms) = postSolution
		{AAE0DB0B-04E6-4B80-9DB3-A525C716B548}.Debug|Any CPU.ActiveCfg = Debug|Any CPU
		{AAE0DB0B-04E6-4B80-9DB3-A525C716B548}.Debug|Any CPU.Build.0 = Debug|Any CPU
		{AAE0DB0B-04E6-4B80-9DB3-A525C716B548}.Release|Any CPU.ActiveCfg = Release|Any CPU
		{AAE0DB0B-04E6-4B80-9DB3-A525C716B548}.Release|Any CPU.Build.0 = Release|Any CPU
	EndGlobalSection
	GlobalSection(SolutionProperties) = preSolution
		HideSolutionNode = FALSE
	EndGlobalSection
	GlobalSection(ExtensibilityGlobals) = postSolution
		SolutionGuid = {BCA3B71D-3024-4FC2-8EB3-1DADCEAEF5F0}
	EndGlobalSection
EndGlobal
