
Microsoft Visual Studio Solution File, Format Version 12.00
# Visual Studio 15
VisualStudioVersion = 15.0.26730.12
MinimumVisualStudioVersion = 10.0.40219.1
Project("{FAE04EC0-301F-11D3-BF4B-00C04F79EFBC}") = "U", "U\U.csproj", "{B56C2680-B7DD-41F6-AA38-9FAEECE37499}"
EndProject
Global
	GlobalSection(SolutionConfigurationPlatforms) = preSolution
		Debug|Any CPU = Debug|Any CPU
		Release|Any CPU = Release|Any CPU
	EndGlobalSection
	GlobalSection(ProjectConfigurationPlatforms) = postSolution
		{B56C2680-B7DD-41F6-AA38-9FAEECE37499}.Debug|Any CPU.ActiveCfg = Debug|Any CPU
		{B56C2680-B7DD-41F6-AA38-9FAEECE37499}.Debug|Any CPU.Build.0 = Debug|Any CPU
		{B56C2680-B7DD-41F6-AA38-9FAEECE37499}.Release|Any CPU.ActiveCfg = Release|Any CPU
		{B56C2680-B7DD-41F6-AA38-9FAEECE37499}.Release|Any CPU.Build.0 = Release|Any CPU
	EndGlobalSection
	GlobalSection(SolutionProperties) = preSolution
		HideSolutionNode = FALSE
	EndGlobalSection
	GlobalSection(ExtensibilityGlobals) = postSolution
		SolutionGuid = {B36CBF35-33F3-4B49-9DB1-7B9B2055B8FE}
	EndGlobalSection
EndGlobal
